Microsoft Visual Studio Solution File, Format Version 12.00
# Visual Studio Version 17
VisualStudioVersion = 17.5.2.0
MinimumVisualStudioVersion = 10.0.40219.1
Project("{FAE04EC0-301F-11D3-BF4B-00C04F79EFBC}") = "PetPetrillo.API", "PetPetrillo.API\PetPetrillo.API.csproj", "{C81E9713-ABB2-6169-5A5C-2294B1DD9557}"
EndProject
Global
	GlobalSection(SolutionConfigurationPlatforms) = preSolution
		Debug|Any CPU = Debug|Any CPU
		Release|Any CPU = Release|Any CPU
	EndGlobalSection
	GlobalSection(ProjectConfigurationPlatforms) = postSolution
		{C81E9713-ABB2-6169-5A5C-2294B1DD9557}.Debug|Any CPU.ActiveCfg = Debug|Any CPU
		{C81E9713-ABB2-6169-5A5C-2294B1DD9557}.Debug|Any CPU.Build.0 = Debug|Any CPU
		{C81E9713-ABB2-6169-5A5C-2294B1DD9557}.Release|Any CPU.ActiveCfg = Release|Any CPU
		{C81E9713-ABB2-6169-5A5C-2294B1DD9557}.Release|Any CPU.Build.0 = Release|Any CPU
	EndGlobalSection
	GlobalSection(SolutionProperties) = preSolution
		HideSolutionNode = FALSE
	EndGlobalSection
	GlobalSection(ExtensibilityGlobals) = postSolution
		SolutionGuid = {DC79A07E-532F-4283-84DA-E11AF83AD185}
	EndGlobalSection
EndGlobal
